
Microsoft Visual Studio Solution File, Format Version 12.00
# Visual Studio Version 17
VisualStudioVersion = 17.8.34309.116
MinimumVisualStudioVersion = 10.0.40219.1
Project("{FAE04EC0-301F-11D3-BF4B-00C04F79EFBC}") = "fhj_est_customer_portal", "fhj_est_customer_portal\fhj_est_customer_portal.csproj", "{2FA4C700-1E98-44B1-B9B1-8D615E61811A}"
EndProject
Project("{FAE04EC0-301F-11D3-BF4B-00C04F79EFBC}") = "fhj_est_customer_portal.Client", "fhj_est_customer_portal.Client\fhj_est_customer_portal.Client.csproj", "{834409DD-1856-488A-9395-83085C53B98F}"
EndProject
Global
	GlobalSection(SolutionConfigurationPlatforms) = preSolution
		Debug|Any CPU = Debug|Any CPU
		Release|Any CPU = Release|Any CPU
	EndGlobalSection
	GlobalSection(ProjectConfigurationPlatforms) = postSolution
		{2FA4C700-1E98-44B1-B9B1-8D615E61811A}.Debug|Any CPU.ActiveCfg = Debug|Any CPU
		{2FA4C700-1E98-44B1-B9B1-8D615E61811A}.Debug|Any CPU.Build.0 = Debug|Any CPU
		{2FA4C700-1E98-44B1-B9B1-8D615E61811A}.Release|Any CPU.ActiveCfg = Release|Any CPU
		{2FA4C700-1E98-44B1-B9B1-8D615E61811A}.Release|Any CPU.Build.0 = Release|Any CPU
		{834409DD-1856-488A-9395-83085C53B98F}.Debug|Any CPU.ActiveCfg = Debug|Any CPU
		{834409DD-1856-488A-9395-83085C53B98F}.Debug|Any CPU.Build.0 = Debug|Any CPU
		{834409DD-1856-488A-9395-83085C53B98F}.Release|Any CPU.ActiveCfg = Release|Any CPU
		{834409DD-1856-488A-9395-83085C53B98F}.Release|Any CPU.Build.0 = Release|Any CPU
	EndGlobalSection
	GlobalSection(SolutionProperties) = preSolution
		HideSolutionNode = FALSE
	EndGlobalSection
	GlobalSection(ExtensibilityGlobals) = postSolution
		SolutionGuid = {2D6EAA35-A00E-4294-AE6B-CB73147D50DD}
	EndGlobalSection
EndGlobal
